
Microsoft Visual Studio Solution File, Format Version 12.00
# Visual Studio Version 16
VisualStudioVersion = 16.0.31229.75
MinimumVisualStudioVersion = 10.0.40219.1
Project("{9A19103F-16F7-4668-BE54-9A1E7A4F7556}") = "Business", "Business\Business.csproj", "{0E632625-78A0-4F1A-B424-AC26F99B2B05}"
EndProject
Project("{9A19103F-16F7-4668-BE54-9A1E7A4F7556}") = "DataAccess", "DataAccess\DataAccess.csproj", "{8E7A1BD5-EDD5-4152-A38F-3BCD9A0A893A}"
EndProject
Project("{9A19103F-16F7-4668-BE54-9A1E7A4F7556}") = "Entities", "Entity\Entities.csproj", "{988A252E-AA7E-4A99-8C7D-C556AFA97C0C}"
EndProject
Project("{9A19103F-16F7-4668-BE54-9A1E7A4F7556}") = "ConsoleUI", "ConsoleUI\ConsoleUI.csproj", "{2072BFA9-CB38-4731-94C2-E6115CDDDD1E}"
EndProject
Project("{9A19103F-16F7-4668-BE54-9A1E7A4F7556}") = "Core", "Core\Core.csproj", "{A673981B-8A04-46B6-9D78-5B5463869176}"
EndProject
Project("{FAE04EC0-301F-11D3-BF4B-00C04F79EFBC}") = "WebAPI", "WebAPI\WebAPI.csproj", "{782AC6F7-802F-45A6-8EBF-7958CFA2D703}"
EndProject
Global
	GlobalSection(SolutionConfigurationPlatforms) = preSolution
		Debug|Any CPU = Debug|Any CPU
		Release|Any CPU = Release|Any CPU
	EndGlobalSection
	GlobalSection(ProjectConfigurationPlatforms) = postSolution
		{0E632625-78A0-4F1A-B424-AC26F99B2B05}.Debug|Any CPU.ActiveCfg = Debug|Any CPU
		{0E632625-78A0-4F1A-B424-AC26F99B2B05}.Debug|Any CPU.Build.0 = Debug|Any CPU
		{0E632625-78A0-4F1A-B424-AC26F99B2B05}.Release|Any CPU.ActiveCfg = Release|Any CPU
		{0E632625-78A0-4F1A-B424-AC26F99B2B05}.Release|Any CPU.Build.0 = Release|Any CPU
		{8E7A1BD5-EDD5-4152-A38F-3BCD9A0A893A}.Debug|Any CPU.ActiveCfg = Debug|Any CPU
		{8E7A1BD5-EDD5-4152-A38F-3BCD9A0A893A}.Debug|Any CPU.Build.0 = Debug|Any CPU
		{8E7A1BD5-EDD5-4152-A38F-3BCD9A0A893A}.Release|Any CPU.ActiveCfg = Release|Any CPU
		{8E7A1BD5-EDD5-4152-A38F-3BCD9A0A893A}.Release|Any CPU.Build.0 = Release|Any CPU
		{988A252E-AA7E-4A99-8C7D-C556AFA97C0C}.Debug|Any CPU.ActiveCfg = Debug|Any CPU
		{988A252E-AA7E-4A99-8C7D-C556AFA97C0C}.Debug|Any CPU.Build.0 = Debug|Any CPU
		{988A252E-AA7E-4A99-8C7D-C556AFA97C0C}.Release|Any CPU.ActiveCfg = Release|Any CPU
		{988A252E-AA7E-4A99-8C7D-C556AFA97C0C}.Release|Any CPU.Build.0 = Release|Any CPU
		{2072BFA9-CB38-4731-94C2-E6115CDDDD1E}.Debug|Any CPU.ActiveCfg = Debug|Any CPU
		{2072BFA9-CB38-4731-94C2-E6115CDDDD1E}.Debug|Any CPU.Build.0 = Debug|Any CPU
		{2072BFA9-CB38-4731-94C2-E6115CDDDD1E}.Release|Any CPU.ActiveCfg = Release|Any CPU
		{2072BFA9-CB38-4731-94C2-E6115CDDDD1E}.Release|Any CPU.Build.0 = Release|Any CPU
		{A673981B-8A04-46B6-9D78-5B5463869176}.Debug|Any CPU.ActiveCfg = Debug|Any CPU
		{A673981B-8A04-46B6-9D78-5B5463869176}.Debug|Any CPU.Build.0 = Debug|Any CPU
		{A673981B-8A04-46B6-9D78-5B5463869176}.Release|Any CPU.ActiveCfg = Release|Any CPU
		{A673981B-8A04-46B6-9D78-5B5463869176}.Release|Any CPU.Build.0 = Release|Any CPU
		{782AC6F7-802F-45A6-8EBF-7958CFA2D703}.Debug|Any CPU.ActiveCfg = Debug|Any CPU
		{782AC6F7-802F-45A6-8EBF-7958CFA2D703}.Debug|Any CPU.Build.0 = Debug|Any CPU
		{782AC6F7-802F-45A6-8EBF-7958CFA2D703}.Release|Any CPU.ActiveCfg = Release|Any CPU
		{782AC6F7-802F-45A6-8EBF-7958CFA2D703}.Release|Any CPU.Build.0 = Release|Any CPU
	EndGlobalSection
	GlobalSection(SolutionProperties) = preSolution
		HideSolutionNode = FALSE
	EndGlobalSection
	GlobalSection(ExtensibilityGlobals) = postSolution
		SolutionGuid = {A592B32F-CEE4-49CB-9D6B-E8E9ECA8124C}
	EndGlobalSection
EndGlobal
